
Microsoft Visual Studio Solution File, Format Version 12.00
# Visual Studio Version 17
VisualStudioVersion = 17.12.35707.178
MinimumVisualStudioVersion = 10.0.40219.1
Project("{FAE04EC0-301F-11D3-BF4B-00C04F79EFBC}") = "FacilityProductionManagement", "FacilityProductionManagement\FacilityProductionManagement.csproj", "{236B8CA9-A855-45DF-B076-F17E003DB93C}"
EndProject
Project("{FAE04EC0-301F-11D3-BF4B-00C04F79EFBC}") = "FacilityProductionAppTest", "FacilityProductionAppTest\FacilityProductionAppTest.csproj", "{274FD59C-2E4A-4CF3-80B7-1569A4786539}"
EndProject
Global
	GlobalSection(SolutionConfigurationPlatforms) = preSolution
		Debug|Any CPU = Debug|Any CPU
		Release|Any CPU = Release|Any CPU
	EndGlobalSection
	GlobalSection(ProjectConfigurationPlatforms) = postSolution
		{236B8CA9-A855-45DF-B076-F17E003DB93C}.Debug|Any CPU.ActiveCfg = Debug|Any CPU
		{236B8CA9-A855-45DF-B076-F17E003DB93C}.Debug|Any CPU.Build.0 = Debug|Any CPU
		{236B8CA9-A855-45DF-B076-F17E003DB93C}.Release|Any CPU.ActiveCfg = Release|Any CPU
		{236B8CA9-A855-45DF-B076-F17E003DB93C}.Release|Any CPU.Build.0 = Release|Any CPU
		{274FD59C-2E4A-4CF3-80B7-1569A4786539}.Debug|Any CPU.ActiveCfg = Debug|Any CPU
		{274FD59C-2E4A-4CF3-80B7-1569A4786539}.Debug|Any CPU.Build.0 = Debug|Any CPU
		{274FD59C-2E4A-4CF3-80B7-1569A4786539}.Release|Any CPU.ActiveCfg = Release|Any CPU
		{274FD59C-2E4A-4CF3-80B7-1569A4786539}.Release|Any CPU.Build.0 = Release|Any CPU
	EndGlobalSection
	GlobalSection(SolutionProperties) = preSolution
		HideSolutionNode = FALSE
	EndGlobalSection
EndGlobal
